// !$*UTF8*$!
{
	archiveVersion = 1;
	classes = {
	};
	objectVersion = 56;
	objects = {

/* Begin PBXBuildFile section */
		852A64542BAE3AA3003823AC /* SuperHeroesSwiftUIApp.swift in Sources */ = {isa = PBXBuildFile; fileRef = 852A64532BAE3AA3003823AC /* SuperHeroesSwiftUIApp.swift */; };
		852A64562BAE3AA3003823AC /* ContentView.swift in Sources */ = {isa = PBXBuildFile; fileRef = 852A64552BAE3AA3003823AC /* ContentView.swift */; };
		852A64582BAE3AA5003823AC /* Assets.xcassets in Resources */ = {isa = PBXBuildFile; fileRef = 852A64572BAE3AA5003823AC /* Assets.xcassets */; };
		852A645B2BAE3AA5003823AC /* Preview Assets.xcassets in Resources */ = {isa = PBXBuildFile; fileRef = 852A645A2BAE3AA5003823AC /* Preview Assets.xcassets */; };
		852A64662BAE3B18003823AC /* SuperHeroes.json in Resources */ = {isa = PBXBuildFile; fileRef = 852A64652BAE3B18003823AC /* SuperHeroes.json */; };
		852A64682BAE40BF003823AC /* Model.swift in Sources */ = {isa = PBXBuildFile; fileRef = 852A64672BAE40BF003823AC /* Model.swift */; };
		852A646A2BAE410B003823AC /* JSONLoader.swift in Sources */ = {isa = PBXBuildFile; fileRef = 852A64692BAE410B003823AC /* JSONLoader.swift */; };
		852A646C2BAE4170003823AC /* HeroeCard.swift in Sources */ = {isa = PBXBuildFile; fileRef = 852A646B2BAE4170003823AC /* HeroeCard.swift */; };
		852A646E2BAE4188003823AC /* PreviewData.swift in Sources */ = {isa = PBXBuildFile; fileRef = 852A646D2BAE4188003823AC /* PreviewData.swift */; };
		852A64982BAEDB13003823AC /* HeroeDetails.swift in Sources */ = {isa = PBXBuildFile; fileRef = 852A64972BAEDB13003823AC /* HeroeDetails.swift */; };
		852A649A2BAEDCE9003823AC /* HeroeGridView.swift in Sources */ = {isa = PBXBuildFile; fileRef = 852A64992BAEDCE9003823AC /* HeroeGridView.swift */; };
		852A649C2BAEE182003823AC /* HeroeGridCard.swift in Sources */ = {isa = PBXBuildFile; fileRef = 852A649B2BAEE182003823AC /* HeroeGridCard.swift */; };
		852A649E2BAEE28A003823AC /* HeroeAvatar.swift in Sources */ = {isa = PBXBuildFile; fileRef = 852A649D2BAEE28A003823AC /* HeroeAvatar.swift */; };
		852A64A02BAEE3DD003823AC /* HeroeTabView.swift in Sources */ = {isa = PBXBuildFile; fileRef = 852A649F2BAEE3DD003823AC /* HeroeTabView.swift */; };
		852A64A22BAEE4B4003823AC /* HeroeNavigationStack.swift in Sources */ = {isa = PBXBuildFile; fileRef = 852A64A12BAEE4B4003823AC /* HeroeNavigationStack.swift */; };
/* End PBXBuildFile section */

/* Begin PBXCopyFilesBuildPhase section */
		852A64962BAED846003823AC /* Embed Watch Content */ = {
			isa = PBXCopyFilesBuildPhase;
			buildActionMask = 2147483647;
			dstPath = "$(CONTENTS_FOLDER_PATH)/Watch";
			dstSubfolderSpec = 16;
			files = (
			);
			name = "Embed Watch Content";
			runOnlyForDeploymentPostprocessing = 0;
		};
/* End PBXCopyFilesBuildPhase section */

/* Begin PBXFileReference section */
		852A64502BAE3AA3003823AC /* SuperHeroesSwiftUI.app */ = {isa = PBXFileReference; explicitFileType = wrapper.application; includeInIndex = 0; path = SuperHeroesSwiftUI.app; sourceTree = BUILT_PRODUCTS_DIR; };
		852A64532BAE3AA3003823AC /* SuperHeroesSwiftUIApp.swift */ = {isa = PBXFileReference; lastKnownFileType = sourcecode.swift; path = SuperHeroesSwiftUIApp.swift; sourceTree = "<group>"; };
		852A64552BAE3AA3003823AC /* ContentView.swift */ = {isa = PBXFileReference; lastKnownFileType = sourcecode.swift; path = ContentView.swift; sourceTree = "<group>"; };
		852A64572BAE3AA5003823AC /* Assets.xcassets */ = {isa = PBXFileReference; lastKnownFileType = folder.assetcatalog; path = Assets.xcassets; sourceTree = "<group>"; };
		852A645A2BAE3AA5003823AC /* Preview Assets.xcassets */ = {isa = PBXFileReference; lastKnownFileType = folder.assetcatalog; path = "Preview Assets.xcassets"; sourceTree = "<group>"; };
		852A64652BAE3B18003823AC /* SuperHeroes.json */ = {isa = PBXFileReference; fileEncoding = 4; lastKnownFileType = text.json; path = SuperHeroes.json; sourceTree = "<group>"; };
		852A64672BAE40BF003823AC /* Model.swift */ = {isa = PBXFileReference; lastKnownFileType = sourcecode.swift; path = Model.swift; sourceTree = "<group>"; };
		852A64692BAE410B003823AC /* JSONLoader.swift */ = {isa = PBXFileReference; lastKnownFileType = sourcecode.swift; path = JSONLoader.swift; sourceTree = "<group>"; };
		852A646B2BAE4170003823AC /* HeroeCard.swift */ = {isa = PBXFileReference; lastKnownFileType = sourcecode.swift; path = HeroeCard.swift; sourceTree = "<group>"; };
		852A646D2BAE4188003823AC /* PreviewData.swift */ = {isa = PBXFileReference; lastKnownFileType = sourcecode.swift; path = PreviewData.swift; sourceTree = "<group>"; };
		852A64972BAEDB13003823AC /* HeroeDetails.swift */ = {isa = PBXFileReference; lastKnownFileType = sourcecode.swift; path = HeroeDetails.swift; sourceTree = "<group>"; };
		852A64992BAEDCE9003823AC /* HeroeGridView.swift */ = {isa = PBXFileReference; lastKnownFileType = sourcecode.swift; path = HeroeGridView.swift; sourceTree = "<group>"; };
		852A649B2BAEE182003823AC /* HeroeGridCard.swift */ = {isa = PBXFileReference; lastKnownFileType = sourcecode.swift; path = HeroeGridCard.swift; sourceTree = "<group>"; };
		852A649D2BAEE28A003823AC /* HeroeAvatar.swift */ = {isa = PBXFileReference; lastKnownFileType = sourcecode.swift; path = HeroeAvatar.swift; sourceTree = "<group>"; };
		852A649F2BAEE3DD003823AC /* HeroeTabView.swift */ = {isa = PBXFileReference; lastKnownFileType = sourcecode.swift; path = HeroeTabView.swift; sourceTree = "<group>"; };
		852A64A12BAEE4B4003823AC /* HeroeNavigationStack.swift */ = {isa = PBXFileReference; lastKnownFileType = sourcecode.swift; path = HeroeNavigationStack.swift; sourceTree = "<group>"; };
/* End PBXFileReference section */

/* Begin PBXFrameworksBuildPhase section */
		852A644D2BAE3AA3003823AC /* Frameworks */ = {
			isa = PBXFrameworksBuildPhase;
			buildActionMask = 2147483647;
			files = (
			);
			runOnlyForDeploymentPostprocessing = 0;
		};
/* End PBXFrameworksBuildPhase section */

/* Begin PBXGroup section */
		852A64472BAE3AA3003823AC = {
			isa = PBXGroup;
			children = (
				852A64522BAE3AA3003823AC /* SuperHeroesSwiftUI */,
				852A64512BAE3AA3003823AC /* Products */,
			);
			sourceTree = "<group>";
		};
		852A64512BAE3AA3003823AC /* Products */ = {
			isa = PBXGroup;
			children = (
				852A64502BAE3AA3003823AC /* SuperHeroesSwiftUI.app */,
			);
			name = Products;
			sourceTree = "<group>";
		};
		852A64522BAE3AA3003823AC /* SuperHeroesSwiftUI */ = {
			isa = PBXGroup;
			children = (
				852A64642BAE3B04003823AC /* View */,
				852A64632BAE3AFE003823AC /* Interactor */,
				852A64622BAE3AFA003823AC /* Model */,
				852A64612BAE3AF4003823AC /* Data */,
				852A64532BAE3AA3003823AC /* SuperHeroesSwiftUIApp.swift */,
				852A64552BAE3AA3003823AC /* ContentView.swift */,
				852A64572BAE3AA5003823AC /* Assets.xcassets */,
				852A64592BAE3AA5003823AC /* Preview Content */,
			);
			path = SuperHeroesSwiftUI;
			sourceTree = "<group>";
		};
		852A64592BAE3AA5003823AC /* Preview Content */ = {
			isa = PBXGroup;
			children = (
				852A645A2BAE3AA5003823AC /* Preview Assets.xcassets */,
				852A646D2BAE4188003823AC /* PreviewData.swift */,
			);
			path = "Preview Content";
			sourceTree = "<group>";
		};
		852A64612BAE3AF4003823AC /* Data */ = {
			isa = PBXGroup;
			children = (
				852A64652BAE3B18003823AC /* SuperHeroes.json */,
			);
			name = Data;
			sourceTree = "<group>";
		};
		852A64622BAE3AFA003823AC /* Model */ = {
			isa = PBXGroup;
			children = (
				852A64672BAE40BF003823AC /* Model.swift */,
			);
			name = Model;
			sourceTree = "<group>";
		};
		852A64632BAE3AFE003823AC /* Interactor */ = {
			isa = PBXGroup;
			children = (
				852A64692BAE410B003823AC /* JSONLoader.swift */,
			);
			path = Interactor;
			sourceTree = "<group>";
		};
		852A64642BAE3B04003823AC /* View */ = {
			isa = PBXGroup;
			children = (
				852A646B2BAE4170003823AC /* HeroeCard.swift */,
				852A64972BAEDB13003823AC /* HeroeDetails.swift */,
				852A64992BAEDCE9003823AC /* HeroeGridView.swift */,
				852A649B2BAEE182003823AC /* HeroeGridCard.swift */,
				852A649D2BAEE28A003823AC /* HeroeAvatar.swift */,
				852A649F2BAEE3DD003823AC /* HeroeTabView.swift */,
				852A64A12BAEE4B4003823AC /* HeroeNavigationStack.swift */,
			);
			name = View;
			sourceTree = "<group>";
		};
/* End PBXGroup section */

/* Begin PBXNativeTarget section */
		852A644F2BAE3AA3003823AC /* SuperHeroesSwiftUI */ = {
			isa = PBXNativeTarget;
			buildConfigurationList = 852A645E2BAE3AA5003823AC /* Build configuration list for PBXNativeTarget "SuperHeroesSwiftUI" */;
			buildPhases = (
				852A644C2BAE3AA3003823AC /* Sources */,
				852A644D2BAE3AA3003823AC /* Frameworks */,
				852A644E2BAE3AA3003823AC /* Resources */,
				852A64962BAED846003823AC /* Embed Watch Content */,
			);
			buildRules = (
			);
			dependencies = (
			);
			name = SuperHeroesSwiftUI;
			productName = SuperHeroesSwiftUI;
			productReference = 852A64502BAE3AA3003823AC /* SuperHeroesSwiftUI.app */;
			productType = "com.apple.product-type.application";
		};
/* End PBXNativeTarget section */

/* Begin PBXProject section */
		852A64482BAE3AA3003823AC /* Project object */ = {
			isa = PBXProject;
			attributes = {
				BuildIndependentTargetsInParallel = 1;
				LastSwiftUpdateCheck = 1530;
				LastUpgradeCheck = 1530;
				TargetAttributes = {
					852A644F2BAE3AA3003823AC = {
						CreatedOnToolsVersion = 15.3;
					};
				};
			};
			buildConfigurationList = 852A644B2BAE3AA3003823AC /* Build configuration list for PBXProject "SuperHeroesSwiftUI" */;
			compatibilityVersion = "Xcode 14.0";
			developmentRegion = en;
			hasScannedForEncodings = 0;
			knownRegions = (
				en,
				Base,
			);
			mainGroup = 852A64472BAE3AA3003823AC;
			productRefGroup = 852A64512BAE3AA3003823AC /* Products */;
			projectDirPath = "";
			projectRoot = "";
			targets = (
				852A644F2BAE3AA3003823AC /* SuperHeroesSwiftUI */,
			);
		};
/* End PBXProject section */

/* Begin PBXResourcesBuildPhase section */
		852A644E2BAE3AA3003823AC /* Resources */ = {
			isa = PBXResourcesBuildPhase;
			buildActionMask = 2147483647;
			files = (
				852A64662BAE3B18003823AC /* SuperHeroes.json in Resources */,
				852A645B2BAE3AA5003823AC /* Preview Assets.xcassets in Resources */,
				852A64582BAE3AA5003823AC /* Assets.xcassets in Resources */,
			);
			runOnlyForDeploymentPostprocessing = 0;
		};
/* End PBXResourcesBuildPhase section */

/* Begin PBXSourcesBuildPhase section */
		852A644C2BAE3AA3003823AC /* Sources */ = {
			isa = PBXSourcesBuildPhase;
			buildActionMask = 2147483647;
			files = (
				852A646A2BAE410B003823AC /* JSONLoader.swift in Sources */,
				852A64982BAEDB13003823AC /* HeroeDetails.swift in Sources */,
				852A649E2BAEE28A003823AC /* HeroeAvatar.swift in Sources */,
				852A649A2BAEDCE9003823AC /* HeroeGridView.swift in Sources */,
				852A64A02BAEE3DD003823AC /* HeroeTabView.swift in Sources */,
				852A64682BAE40BF003823AC /* Model.swift in Sources */,
				852A64A22BAEE4B4003823AC /* HeroeNavigationStack.swift in Sources */,
				852A646E2BAE4188003823AC /* PreviewData.swift in Sources */,
				852A646C2BAE4170003823AC /* HeroeCard.swift in Sources */,
				852A649C2BAEE182003823AC /* HeroeGridCard.swift in Sources */,
				852A64562BAE3AA3003823AC /* ContentView.swift in Sources */,
				852A64542BAE3AA3003823AC /* SuperHeroesSwiftUIApp.swift in Sources */,
			);
			runOnlyForDeploymentPostprocessing = 0;
		};
/* End PBXSourcesBuildPhase section */

/* Begin XCBuildConfiguration section */
		852A645C2BAE3AA5003823AC /* Debug */ = {
			isa = XCBuildConfiguration;
			buildSettings = {
				ALWAYS_SEARCH_USER_PATHS = NO;
				ASSETCATALOG_COMPILER_GENERATE_SWIFT_ASSET_SYMBOL_EXTENSIONS = YES;
				CLANG_ANALYZER_NONNULL = YES;
				CLANG_ANALYZER_NUMBER_OBJECT_CONVERSION = YES_AGGRESSIVE;
				CLANG_CXX_LANGUAGE_STANDARD = "gnu++20";
				CLANG_ENABLE_MODULES = YES;
				CLANG_ENABLE_OBJC_ARC = YES;
				CLANG_ENABLE_OBJC_WEAK = YES;
				CLANG_WARN_BLOCK_CAPTURE_AUTORELEASING = YES;
				CLANG_WARN_BOOL_CONVERSION = YES;
				CLANG_WARN_COMMA = YES;
				CLANG_WARN_CONSTANT_CONVERSION = YES;
				CLANG_WARN_DEPRECATED_OBJC_IMPLEMENTATIONS = YES;
				CLANG_WARN_DIRECT_OBJC_ISA_USAGE = YES_ERROR;
				CLANG_WARN_DOCUMENTATION_COMMENTS = YES;
				CLANG_WARN_EMPTY_BODY = YES;
				CLANG_WARN_ENUM_CONVERSION = YES;
				CLANG_WARN_INFINITE_RECURSION = YES;
				CLANG_WARN_INT_CONVERSION = YES;
				CLANG_WARN_NON_LITERAL_NULL_CONVERSION = YES;
				CLANG_WARN_OBJC_IMPLICIT_RETAIN_SELF = YES;
				CLANG_WARN_OBJC_LITERAL_CONVERSION = YES;
				CLANG_WARN_OBJC_ROOT_CLASS = YES_ERROR;
				CLANG_WARN_QUOTED_INCLUDE_IN_FRAMEWORK_HEADER = YES;
				CLANG_WARN_RANGE_LOOP_ANALYSIS = YES;
				CLANG_WARN_STRICT_PROTOTYPES = YES;
				CLANG_WARN_SUSPICIOUS_MOVE = YES;
				CLANG_WARN_UNGUARDED_AVAILABILITY = YES_AGGRESSIVE;
				CLANG_WARN_UNREACHABLE_CODE = YES;
				CLANG_WARN__DUPLICATE_METHOD_MATCH = YES;
				COPY_PHASE_STRIP = NO;
				DEBUG_INFORMATION_FORMAT = dwarf;
				ENABLE_STRICT_OBJC_MSGSEND = YES;
				ENABLE_TESTABILITY = YES;
				ENABLE_USER_SCRIPT_SANDBOXING = YES;
				GCC_C_LANGUAGE_STANDARD = gnu17;
				GCC_DYNAMIC_NO_PIC = NO;
				GCC_NO_COMMON_BLOCKS = YES;
				GCC_OPTIMIZATION_LEVEL = 0;
				GCC_PREPROCESSOR_DEFINITIONS = (
					"DEBUG=1",
					"$(inherited)",
				);
				GCC_WARN_64_TO_32_BIT_CONVERSION = YES;
				GCC_WARN_ABOUT_RETURN_TYPE = YES_ERROR;
				GCC_WARN_UNDECLARED_SELECTOR = YES;
				GCC_WARN_UNINITIALIZED_AUTOS = YES_AGGRESSIVE;
				GCC_WARN_UNUSED_FUNCTION = YES;
				GCC_WARN_UNUSED_VARIABLE = YES;
				IPHONEOS_DEPLOYMENT_TARGET = 17.4;
				LOCALIZATION_PREFERS_STRING_CATALOGS = YES;
				MTL_ENABLE_DEBUG_INFO = INCLUDE_SOURCE;
				MTL_FAST_MATH = YES;
				ONLY_ACTIVE_ARCH = YES;
				SDKROOT = iphoneos;
				SWIFT_ACTIVE_COMPILATION_CONDITIONS = "DEBUG $(inherited)";
				SWIFT_OPTIMIZATION_LEVEL = "-Onone";
			};
			name = Debug;
		};
		852A645D2BAE3AA5003823AC /* Release */ = {
			isa = XCBuildConfiguration;
			buildSettings = {
				ALWAYS_SEARCH_USER_PATHS = NO;
				ASSETCATALOG_COMPILER_GENERATE_SWIFT_ASSET_SYMBOL_EXTENSIONS = YES;
				CLANG_ANALYZER_NONNULL = YES;
				CLANG_ANALYZER_NUMBER_OBJECT_CONVERSION = YES_AGGRESSIVE;
				CLANG_CXX_LANGUAGE_STANDARD = "gnu++20";
				CLANG_ENABLE_MODULES = YES;
				CLANG_ENABLE_OBJC_ARC = YES;
				CLANG_ENABLE_OBJC_WEAK = YES;
				CLANG_WARN_BLOCK_CAPTURE_AUTORELEASING = YES;
				CLANG_WARN_BOOL_CONVERSION = YES;
				CLANG_WARN_COMMA = YES;
				CLANG_WARN_CONSTANT_CONVERSION = YES;
				CLANG_WARN_DEPRECATED_OBJC_IMPLEMENTATIONS = YES;
				CLANG_WARN_DIRECT_OBJC_ISA_USAGE = YES_ERROR;
				CLANG_WARN_DOCUMENTATION_COMMENTS = YES;
				CLANG_WARN_EMPTY_BODY = YES;
				CLANG_WARN_ENUM_CONVERSION = YES;
				CLANG_WARN_INFINITE_RECURSION = YES;
				CLANG_WARN_INT_CONVERSION = YES;
				CLANG_WARN_NON_LITERAL_NULL_CONVERSION = YES;
				CLANG_WARN_OBJC_IMPLICIT_RETAIN_SELF = YES;
				CLANG_WARN_OBJC_LITERAL_CONVERSION = YES;
				CLANG_WARN_OBJC_ROOT_CLASS = YES_ERROR;
				CLANG_WARN_QUOTED_INCLUDE_IN_FRAMEWORK_HEADER = YES;
				CLANG_WARN_RANGE_LOOP_ANALYSIS = YES;
				CLANG_WARN_STRICT_PROTOTYPES = YES;
				CLANG_WARN_SUSPICIOUS_MOVE = YES;
				CLANG_WARN_UNGUARDED_AVAILABILITY = YES_AGGRESSIVE;
				CLANG_WARN_UNREACHABLE_CODE = YES;
				CLANG_WARN__DUPLICATE_METHOD_MATCH = YES;
				COPY_PHASE_STRIP = NO;
				DEBUG_INFORMATION_FORMAT = "dwarf-with-dsym";
				ENABLE_NS_ASSERTIONS = NO;
				ENABLE_STRICT_OBJC_MSGSEND = YES;
				ENABLE_USER_SCRIPT_SANDBOXING = YES;
				GCC_C_LANGUAGE_STANDARD = gnu17;
				GCC_NO_COMMON_BLOCKS = YES;
				GCC_WARN_64_TO_32_BIT_CONVERSION = YES;
				GCC_WARN_ABOUT_RETURN_TYPE = YES_ERROR;
				GCC_WARN_UNDECLARED_SELECTOR = YES;
				GCC_WARN_UNINITIALIZED_AUTOS = YES_AGGRESSIVE;
				GCC_WARN_UNUSED_FUNCTION = YES;
				GCC_WARN_UNUSED_VARIABLE = YES;
				IPHONEOS_DEPLOYMENT_TARGET = 17.4;
				LOCALIZATION_PREFERS_STRING_CATALOGS = YES;
				MTL_ENABLE_DEBUG_INFO = NO;
				MTL_FAST_MATH = YES;
				SDKROOT = iphoneos;
				SWIFT_COMPILATION_MODE = wholemodule;
				VALIDATE_PRODUCT = YES;
			};
			name = Release;
		};
		852A645F2BAE3AA5003823AC /* Debug */ = {
			isa = XCBuildConfiguration;
			buildSettings = {
				ALLOW_TARGET_PLATFORM_SPECIALIZATION = YES;
				ALWAYS_EMBED_SWIFT_STANDARD_LIBRARIES = YES;
				ASSETCATALOG_COMPILER_APPICON_NAME = AppIcon;
				ASSETCATALOG_COMPILER_GLOBAL_ACCENT_COLOR_NAME = AccentColor;
				CODE_SIGN_STYLE = Automatic;
				CURRENT_PROJECT_VERSION = 1;
				DEVELOPMENT_ASSET_PATHS = "\"SuperHeroesSwiftUI/Preview Content\"";
				DEVELOPMENT_TEAM = S5MBNRYM6U;
				ENABLE_PREVIEWS = YES;
				GENERATE_INFOPLIST_FILE = YES;
				INFOPLIST_KEY_UIApplicationSceneManifest_Generation = YES;
				INFOPLIST_KEY_UIApplicationSupportsIndirectInputEvents = YES;
				INFOPLIST_KEY_UILaunchScreen_Generation = YES;
				INFOPLIST_KEY_UISupportedInterfaceOrientations_iPad = "UIInterfaceOrientationPortrait UIInterfaceOrientationPortraitUpsideDown UIInterfaceOrientationLandscapeLeft UIInterfaceOrientationLandscapeRight";
				INFOPLIST_KEY_UISupportedInterfaceOrientations_iPhone = "UIInterfaceOrientationPortrait UIInterfaceOrientationLandscapeLeft UIInterfaceOrientationLandscapeRight";
				LD_RUNPATH_SEARCH_PATHS = (
					"$(inherited)",
					"@executable_path/Frameworks",
				);
				MARKETING_VERSION = 1.0;
				PRODUCT_BUNDLE_IDENTIFIER = com.daruca.SuperHeroesSwiftUI;
				PRODUCT_NAME = "$(TARGET_NAME)";
				SUPPORTED_PLATFORMS = "appletvos appletvsimulator driverkit iphoneos iphonesimulator macosx xros xrsimulator";
				SUPPORTS_MACCATALYST = YES;
				SUPPORTS_XR_DESIGNED_FOR_IPHONE_IPAD = NO;
				SWIFT_EMIT_LOC_STRINGS = YES;
				SWIFT_VERSION = 5.0;
				TARGETED_DEVICE_FAMILY = "1,2,3";
			};
			name = Debug;
		};
		852A64602BAE3AA5003823AC /* Release */ = {
			isa = XCBuildConfiguration;
			buildSettings = {
				ALLOW_TARGET_PLATFORM_SPECIALIZATION = YES;
				ALWAYS_EMBED_SWIFT_STANDARD_LIBRARIES = YES;
				ASSETCATALOG_COMPILER_APPICON_NAME = AppIcon;
				ASSETCATALOG_COMPILER_GLOBAL_ACCENT_COLOR_NAME = AccentColor;
				CODE_SIGN_STYLE = Automatic;
				CURRENT_PROJECT_VERSION = 1;
				DEVELOPMENT_ASSET_PATHS = "\"SuperHeroesSwiftUI/Preview Content\"";
				DEVELOPMENT_TEAM = S5MBNRYM6U;
				ENABLE_PREVIEWS = YES;
				GENERATE_INFOPLIST_FILE = YES;
				INFOPLIST_KEY_UIApplicationSceneManifest_Generation = YES;
				INFOPLIST_KEY_UIApplicationSupportsIndirectInputEvents = YES;
				INFOPLIST_KEY_UILaunchScreen_Generation = YES;
				INFOPLIST_KEY_UISupportedInterfaceOrientations_iPad = "UIInterfaceOrientationPortrait UIInterfaceOrientationPortraitUpsideDown UIInterfaceOrientationLandscapeLeft UIInterfaceOrientationLandscapeRight";
				INFOPLIST_KEY_UISupportedInterfaceOrientations_iPhone = "UIInterfaceOrientationPortrait UIInterfaceOrientationLandscapeLeft UIInterfaceOrientationLandscapeRight";
				LD_RUNPATH_SEARCH_PATHS = (
					"$(inherited)",
					"@executable_path/Frameworks",
				);
				MARKETING_VERSION = 1.0;
				PRODUCT_BUNDLE_IDENTIFIER = com.daruca.SuperHeroesSwiftUI;
				PRODUCT_NAME = "$(TARGET_NAME)";
				SUPPORTED_PLATFORMS = "appletvos appletvsimulator driverkit iphoneos iphonesimulator macosx xros xrsimulator";
				SUPPORTS_MACCATALYST = YES;
				SUPPORTS_XR_DESIGNED_FOR_IPHONE_IPAD = NO;
				SWIFT_EMIT_LOC_STRINGS = YES;
				SWIFT_VERSION = 5.0;
				TARGETED_DEVICE_FAMILY = "1,2,3";
			};
			name = Release;
		};
/* End XCBuildConfiguration section */

/* Begin XCConfigurationList section */
		852A644B2BAE3AA3003823AC /* Build configuration list for PBXProject "SuperHeroesSwiftUI" */ = {
			isa = XCConfigurationList;
			buildConfigurations = (
				852A645C2BAE3AA5003823AC /* Debug */,
				852A645D2BAE3AA5003823AC /* Release */,
			);
			defaultConfigurationIsVisible = 0;
			defaultConfigurationName = Release;
		};
		852A645E2BAE3AA5003823AC /* Build configuration list for PBXNativeTarget "SuperHeroesSwiftUI" */ = {
			isa = XCConfigurationList;
			buildConfigurations = (
				852A645F2BAE3AA5003823AC /* Debug */,
				852A64602BAE3AA5003823AC /* Release */,
			);
			defaultConfigurationIsVisible = 0;
			defaultConfigurationName = Release;
		};
/* End XCConfigurationList section */
	};
	rootObject = 852A64482BAE3AA3003823AC /* Project object */;
}
